
Microsoft Visual Studio Solution File, Format Version 12.00
# Visual Studio Version 16
VisualStudioVersion = 16.0.30011.22
MinimumVisualStudioVersion = 10.0.40219.1
Project("{9A19103F-16F7-4668-BE54-9A1E7A4F7556}") = "LediBackup", "LediBackup\LediBackup.csproj", "{979917EE-2F2B-41F5-A1DE-FA8D4F56099A}"
EndProject
Project("{2150E333-8FDC-42A3-9474-1A3956D46DE8}") = "Solution Items", "Solution Items", "{9B6206B3-9F5C-4E6B-982F-1CA58FC816B3}"
	ProjectSection(SolutionItems) = preProject
		.editorconfig = .editorconfig
		License.txt = License.txt
		README.md = README.md
	EndProjectSection
EndProject
Global
	GlobalSection(SolutionConfigurationPlatforms) = preSolution
		Debug|Any CPU = Debug|Any CPU
		Release|Any CPU = Release|Any CPU
	EndGlobalSection
	GlobalSection(ProjectConfigurationPlatforms) = postSolution
		{979917EE-2F2B-41F5-A1DE-FA8D4F56099A}.Debug|Any CPU.ActiveCfg = Debug|Any CPU
		{979917EE-2F2B-41F5-A1DE-FA8D4F56099A}.Debug|Any CPU.Build.0 = Debug|Any CPU
		{979917EE-2F2B-41F5-A1DE-FA8D4F56099A}.Release|Any CPU.ActiveCfg = Release|Any CPU
		{979917EE-2F2B-41F5-A1DE-FA8D4F56099A}.Release|Any CPU.Build.0 = Release|Any CPU
	EndGlobalSection
	GlobalSection(SolutionProperties) = preSolution
		HideSolutionNode = FALSE
	EndGlobalSection
	GlobalSection(ExtensibilityGlobals) = postSolution
		SolutionGuid = {5ED675FA-0E19-4063-B762-B91DB1617788}
	EndGlobalSection
EndGlobal
